
Microsoft Visual Studio Solution File, Format Version 12.00
# Visual Studio Version 16
VisualStudioVersion = 16.0.28803.202
MinimumVisualStudioVersion = 10.0.40219.1
Project("{FAE04EC0-301F-11D3-BF4B-00C04F79EFBC}") = "App6", "App6\App6.csproj", "{2BD6036F-E1B9-4CE5-BEAE-22A95498BE75}"
EndProject
Global
	GlobalSection(SolutionConfigurationPlatforms) = preSolution
		Debug|Any CPU = Debug|Any CPU
		Release|Any CPU = Release|Any CPU
	EndGlobalSection
	GlobalSection(ProjectConfigurationPlatforms) = postSolution
		{2BD6036F-E1B9-4CE5-BEAE-22A95498BE75}.Debug|Any CPU.ActiveCfg = Debug|Any CPU
		{2BD6036F-E1B9-4CE5-BEAE-22A95498BE75}.Debug|Any CPU.Build.0 = Debug|Any CPU
		{2BD6036F-E1B9-4CE5-BEAE-22A95498BE75}.Release|Any CPU.ActiveCfg = Release|Any CPU
		{2BD6036F-E1B9-4CE5-BEAE-22A95498BE75}.Release|Any CPU.Build.0 = Release|Any CPU
	EndGlobalSection
	GlobalSection(SolutionProperties) = preSolution
		HideSolutionNode = FALSE
	EndGlobalSection
	GlobalSection(ExtensibilityGlobals) = postSolution
		SolutionGuid = {1E9D78FC-006F-4F38-8161-A989F8ECC4AF}
	EndGlobalSection
EndGlobal
