
Microsoft Visual Studio Solution File, Format Version 12.00
# Visual Studio Version 16
VisualStudioVersion = 16.0.28803.352
MinimumVisualStudioVersion = 10.0.40219.1
Project("{FAE04EC0-301F-11D3-BF4B-00C04F79EFBC}") = "App14", "App14\App14.csproj", "{DE19D9AC-CF88-4AC7-A096-C50BD26FB946}"
EndProject
Global
	GlobalSection(SolutionConfigurationPlatforms) = preSolution
		Debug|Any CPU = Debug|Any CPU
		Release|Any CPU = Release|Any CPU
	EndGlobalSection
	GlobalSection(ProjectConfigurationPlatforms) = postSolution
		{DE19D9AC-CF88-4AC7-A096-C50BD26FB946}.Debug|Any CPU.ActiveCfg = Debug|Any CPU
		{DE19D9AC-CF88-4AC7-A096-C50BD26FB946}.Debug|Any CPU.Build.0 = Debug|Any CPU
		{DE19D9AC-CF88-4AC7-A096-C50BD26FB946}.Release|Any CPU.ActiveCfg = Release|Any CPU
		{DE19D9AC-CF88-4AC7-A096-C50BD26FB946}.Release|Any CPU.Build.0 = Release|Any CPU
	EndGlobalSection
	GlobalSection(SolutionProperties) = preSolution
		HideSolutionNode = FALSE
	EndGlobalSection
	GlobalSection(ExtensibilityGlobals) = postSolution
		SolutionGuid = {FA39BBF2-EE65-46D6-B41A-40739C40AFA1}
	EndGlobalSection
EndGlobal
