
Microsoft Visual Studio Solution File, Format Version 12.00
# Visual Studio Version 16
VisualStudioVersion = 16.0.28803.352
MinimumVisualStudioVersion = 10.0.40219.1
Project("{FAE04EC0-301F-11D3-BF4B-00C04F79EFBC}") = "App16", "App16\App16.csproj", "{6F9224CF-CAB6-4546-899E-73E0E933440D}"
EndProject
Global
	GlobalSection(SolutionConfigurationPlatforms) = preSolution
		Debug|Any CPU = Debug|Any CPU
		Release|Any CPU = Release|Any CPU
	EndGlobalSection
	GlobalSection(ProjectConfigurationPlatforms) = postSolution
		{6F9224CF-CAB6-4546-899E-73E0E933440D}.Debug|Any CPU.ActiveCfg = Debug|Any CPU
		{6F9224CF-CAB6-4546-899E-73E0E933440D}.Debug|Any CPU.Build.0 = Debug|Any CPU
		{6F9224CF-CAB6-4546-899E-73E0E933440D}.Release|Any CPU.ActiveCfg = Release|Any CPU
		{6F9224CF-CAB6-4546-899E-73E0E933440D}.Release|Any CPU.Build.0 = Release|Any CPU
	EndGlobalSection
	GlobalSection(SolutionProperties) = preSolution
		HideSolutionNode = FALSE
	EndGlobalSection
	GlobalSection(ExtensibilityGlobals) = postSolution
		SolutionGuid = {A5F4CE10-480E-4A7F-9BDF-614D7E428ECF}
	EndGlobalSection
EndGlobal
