
Microsoft Visual Studio Solution File, Format Version 12.00
# Visual Studio Version 16
VisualStudioVersion = 16.0.28803.352
MinimumVisualStudioVersion = 10.0.40219.1
Project("{FAE04EC0-301F-11D3-BF4B-00C04F79EFBC}") = "App22", "App22\App22.csproj", "{1667235E-1CB8-42D4-8562-0F004947F220}"
EndProject
Global
	GlobalSection(SolutionConfigurationPlatforms) = preSolution
		Debug|Any CPU = Debug|Any CPU
		Release|Any CPU = Release|Any CPU
	EndGlobalSection
	GlobalSection(ProjectConfigurationPlatforms) = postSolution
		{1667235E-1CB8-42D4-8562-0F004947F220}.Debug|Any CPU.ActiveCfg = Debug|Any CPU
		{1667235E-1CB8-42D4-8562-0F004947F220}.Debug|Any CPU.Build.0 = Debug|Any CPU
		{1667235E-1CB8-42D4-8562-0F004947F220}.Release|Any CPU.ActiveCfg = Release|Any CPU
		{1667235E-1CB8-42D4-8562-0F004947F220}.Release|Any CPU.Build.0 = Release|Any CPU
	EndGlobalSection
	GlobalSection(SolutionProperties) = preSolution
		HideSolutionNode = FALSE
	EndGlobalSection
	GlobalSection(ExtensibilityGlobals) = postSolution
		SolutionGuid = {1EDF4BA5-EF35-4CCF-AA3C-E4453169180E}
	EndGlobalSection
EndGlobal
