
Microsoft Visual Studio Solution File, Format Version 12.00
# Visual Studio Version 16
VisualStudioVersion = 16.0.28803.352
MinimumVisualStudioVersion = 10.0.40219.1
Project("{FAE04EC0-301F-11D3-BF4B-00C04F79EFBC}") = "App13_1", "App13_1\App13_1.csproj", "{F7ECBD41-A84B-423C-879D-0F51021EE7B3}"
EndProject
Global
	GlobalSection(SolutionConfigurationPlatforms) = preSolution
		Debug|Any CPU = Debug|Any CPU
		Release|Any CPU = Release|Any CPU
	EndGlobalSection
	GlobalSection(ProjectConfigurationPlatforms) = postSolution
		{F7ECBD41-A84B-423C-879D-0F51021EE7B3}.Debug|Any CPU.ActiveCfg = Debug|Any CPU
		{F7ECBD41-A84B-423C-879D-0F51021EE7B3}.Debug|Any CPU.Build.0 = Debug|Any CPU
		{F7ECBD41-A84B-423C-879D-0F51021EE7B3}.Release|Any CPU.ActiveCfg = Release|Any CPU
		{F7ECBD41-A84B-423C-879D-0F51021EE7B3}.Release|Any CPU.Build.0 = Release|Any CPU
	EndGlobalSection
	GlobalSection(SolutionProperties) = preSolution
		HideSolutionNode = FALSE
	EndGlobalSection
	GlobalSection(ExtensibilityGlobals) = postSolution
		SolutionGuid = {296F6C5C-13DA-445A-9D7E-41BBCBDC36BC}
	EndGlobalSection
EndGlobal
